
Microsoft Visual Studio Solution File, Format Version 12.00
# Visual Studio Version 17
VisualStudioVersion = 17.1.32228.430
MinimumVisualStudioVersion = 10.0.40219.1
Project("{FAE04EC0-301F-11D3-BF4B-00C04F79EFBC}") = "Hasher", "Hasher.csproj", "{C1927A1A-0E04-4E0C-AC1C-C59CF5E0715E}"
EndProject
Global
	GlobalSection(SolutionConfigurationPlatforms) = preSolution
		Debug|Any CPU = Debug|Any CPU
		Release|Any CPU = Release|Any CPU
	EndGlobalSection
	GlobalSection(ProjectConfigurationPlatforms) = postSolution
		{C1927A1A-0E04-4E0C-AC1C-C59CF5E0715E}.Debug|Any CPU.ActiveCfg = Debug|Any CPU
		{C1927A1A-0E04-4E0C-AC1C-C59CF5E0715E}.Debug|Any CPU.Build.0 = Debug|Any CPU
		{C1927A1A-0E04-4E0C-AC1C-C59CF5E0715E}.Release|Any CPU.ActiveCfg = Release|Any CPU
		{C1927A1A-0E04-4E0C-AC1C-C59CF5E0715E}.Release|Any CPU.Build.0 = Release|Any CPU
	EndGlobalSection
	GlobalSection(SolutionProperties) = preSolution
		HideSolutionNode = FALSE
	EndGlobalSection
	GlobalSection(ExtensibilityGlobals) = postSolution
		SolutionGuid = {4DC94CB3-45AD-492F-8BCC-B88A700DAA1E}
	EndGlobalSection
EndGlobal
